
Microsoft Visual Studio Solution File, Format Version 12.00
# Visual Studio Version 17
VisualStudioVersion = 17.1.32421.90
MinimumVisualStudioVersion = 10.0.40219.1
Project("{2150E333-8FDC-42A3-9474-1A3956D46DE8}") = "Services", "Services", "{F8C12D03-C168-4A2D-93B2-C381475FC764}"
EndProject
Project("{2150E333-8FDC-42A3-9474-1A3956D46DE8}") = "Catalog", "Catalog", "{F675B54B-B2DD-4259-A3F4-6F0829B1D7C9}"
EndProject
Project("{9A19103F-16F7-4668-BE54-9A1E7A4F7556}") = "Catalog.API", "Services\Catalog\Catalog.API\Catalog.API.csproj", "{4FA96F27-32DB-4C0F-AE63-A8E2177DFB83}"
EndProject
Project("{E53339B2-1760-4266-BCC7-CA923CBCF16C}") = "docker-compose", "docker-compose.dcproj", "{C6055251-BE10-465B-B494-8DD95B4ACDCB}"
EndProject
Project("{2150E333-8FDC-42A3-9474-1A3956D46DE8}") = "Basket", "Basket", "{CA1E0C50-AF2C-4D0D-BB4B-77672A87F519}"
EndProject
Project("{FAE04EC0-301F-11D3-BF4B-00C04F79EFBC}") = "Basket.API", "Services\Basket\Basket.API\Basket.API.csproj", "{9C7566BA-D721-44E4-854C-E77BDDA7D124}"
EndProject
Global
	GlobalSection(SolutionConfigurationPlatforms) = preSolution
		Debug|Any CPU = Debug|Any CPU
		Release|Any CPU = Release|Any CPU
	EndGlobalSection
	GlobalSection(ProjectConfigurationPlatforms) = postSolution
		{4FA96F27-32DB-4C0F-AE63-A8E2177DFB83}.Debug|Any CPU.ActiveCfg = Debug|Any CPU
		{4FA96F27-32DB-4C0F-AE63-A8E2177DFB83}.Debug|Any CPU.Build.0 = Debug|Any CPU
		{4FA96F27-32DB-4C0F-AE63-A8E2177DFB83}.Release|Any CPU.ActiveCfg = Release|Any CPU
		{4FA96F27-32DB-4C0F-AE63-A8E2177DFB83}.Release|Any CPU.Build.0 = Release|Any CPU
		{C6055251-BE10-465B-B494-8DD95B4ACDCB}.Debug|Any CPU.ActiveCfg = Debug|Any CPU
		{C6055251-BE10-465B-B494-8DD95B4ACDCB}.Debug|Any CPU.Build.0 = Debug|Any CPU
		{C6055251-BE10-465B-B494-8DD95B4ACDCB}.Release|Any CPU.ActiveCfg = Release|Any CPU
		{C6055251-BE10-465B-B494-8DD95B4ACDCB}.Release|Any CPU.Build.0 = Release|Any CPU
		{9C7566BA-D721-44E4-854C-E77BDDA7D124}.Debug|Any CPU.ActiveCfg = Debug|Any CPU
		{9C7566BA-D721-44E4-854C-E77BDDA7D124}.Debug|Any CPU.Build.0 = Debug|Any CPU
		{9C7566BA-D721-44E4-854C-E77BDDA7D124}.Release|Any CPU.ActiveCfg = Release|Any CPU
		{9C7566BA-D721-44E4-854C-E77BDDA7D124}.Release|Any CPU.Build.0 = Release|Any CPU
	EndGlobalSection
	GlobalSection(SolutionProperties) = preSolution
		HideSolutionNode = FALSE
	EndGlobalSection
	GlobalSection(NestedProjects) = preSolution
		{F675B54B-B2DD-4259-A3F4-6F0829B1D7C9} = {F8C12D03-C168-4A2D-93B2-C381475FC764}
		{4FA96F27-32DB-4C0F-AE63-A8E2177DFB83} = {F675B54B-B2DD-4259-A3F4-6F0829B1D7C9}
		{CA1E0C50-AF2C-4D0D-BB4B-77672A87F519} = {F8C12D03-C168-4A2D-93B2-C381475FC764}
		{9C7566BA-D721-44E4-854C-E77BDDA7D124} = {CA1E0C50-AF2C-4D0D-BB4B-77672A87F519}
	EndGlobalSection
	GlobalSection(ExtensibilityGlobals) = postSolution
		SolutionGuid = {A606C259-6C94-4C58-9657-5267C0C55124}
	EndGlobalSection
EndGlobal
